
Microsoft Visual Studio Solution File, Format Version 12.00
# Visual Studio Version 17
VisualStudioVersion = 17.14.36221.1
MinimumVisualStudioVersion = 10.0.40219.1
Project("{FAE04EC0-301F-11D3-BF4B-00C04F79EFBC}") = "Task 1 C#", "Task 1 C#.csproj", "{C606972C-C322-4E43-8509-43E5E9A2CBA4}"
EndProject
Project("{FAE04EC0-301F-11D3-BF4B-00C04F79EFBC}") = "Task2", "..\Task2\Task2.csproj", "{C0CA7412-FFB1-4A50-8950-94819C93C911}"
EndProject
Global
	GlobalSection(SolutionConfigurationPlatforms) = preSolution
		Debug|Any CPU = Debug|Any CPU
		Release|Any CPU = Release|Any CPU
	EndGlobalSection
	GlobalSection(ProjectConfigurationPlatforms) = postSolution
		{C606972C-C322-4E43-8509-43E5E9A2CBA4}.Debug|Any CPU.ActiveCfg = Debug|Any CPU
		{C606972C-C322-4E43-8509-43E5E9A2CBA4}.Debug|Any CPU.Build.0 = Debug|Any CPU
		{C606972C-C322-4E43-8509-43E5E9A2CBA4}.Release|Any CPU.ActiveCfg = Release|Any CPU
		{C606972C-C322-4E43-8509-43E5E9A2CBA4}.Release|Any CPU.Build.0 = Release|Any CPU
		{C0CA7412-FFB1-4A50-8950-94819C93C911}.Debug|Any CPU.ActiveCfg = Debug|Any CPU
		{C0CA7412-FFB1-4A50-8950-94819C93C911}.Debug|Any CPU.Build.0 = Debug|Any CPU
		{C0CA7412-FFB1-4A50-8950-94819C93C911}.Release|Any CPU.ActiveCfg = Release|Any CPU
		{C0CA7412-FFB1-4A50-8950-94819C93C911}.Release|Any CPU.Build.0 = Release|Any CPU
	EndGlobalSection
	GlobalSection(SolutionProperties) = preSolution
		HideSolutionNode = FALSE
	EndGlobalSection
	GlobalSection(ExtensibilityGlobals) = postSolution
		SolutionGuid = {7306FF25-3C1D-49AF-B1CC-867080151BC2}
	EndGlobalSection
EndGlobal
